// !$*UTF8*$!
{
	archiveVersion = 1;
	classes = {
	};
	objectVersion = 77;
	objects = {

/* Begin PBXContainerItemProxy section */
		074D7BAA2D4D27B40005CC15 /* PBXContainerItemProxy */ = {
			isa = PBXContainerItemProxy;
			containerPortal = 074D7B912D4D27B10005CC15 /* Project object */;
			proxyType = 1;
			remoteGlobalIDString = 074D7B982D4D27B10005CC15;
			remoteInfo = Swipe_Assignment;
		};
		074D7BB42D4D27B40005CC15 /* PBXContainerItemProxy */ = {
			isa = PBXContainerItemProxy;
			containerPortal = 074D7B912D4D27B10005CC15 /* Project object */;
			proxyType = 1;
			remoteGlobalIDString = 074D7B982D4D27B10005CC15;
			remoteInfo = Swipe_Assignment;
		};
/* End PBXContainerItemProxy section */

/* Begin PBXFileReference section */
		074D7B992D4D27B10005CC15 /* Swipe_Assignment.app */ = {isa = PBXFileReference; explicitFileType = wrapper.application; includeInIndex = 0; path = Swipe_Assignment.app; sourceTree = BUILT_PRODUCTS_DIR; };
		074D7BA92D4D27B40005CC15 /* Swipe_AssignmentTests.xctest */ = {isa = PBXFileReference; explicitFileType = wrapper.cfbundle; includeInIndex = 0; path = Swipe_AssignmentTests.xctest; sourceTree = BUILT_PRODUCTS_DIR; };
		074D7BB32D4D27B40005CC15 /* Swipe_AssignmentUITests.xctest */ = {isa = PBXFileReference; explicitFileType = wrapper.cfbundle; includeInIndex = 0; path = Swipe_AssignmentUITests.xctest; sourceTree = BUILT_PRODUCTS_DIR; };
/* End PBXFileReference section */

/* Begin PBXFileSystemSynchronizedRootGroup section */
		074D7B9B2D4D27B10005CC15 /* Swipe_Assignment */ = {
			isa = PBXFileSystemSynchronizedRootGroup;
			path = Swipe_Assignment;
			sourceTree = "<group>";
		};
		074D7BAC2D4D27B40005CC15 /* Swipe_AssignmentTests */ = {
			isa = PBXFileSystemSynchronizedRootGroup;
			path = Swipe_AssignmentTests;
			sourceTree = "<group>";
		};
		074D7BB62D4D27B40005CC15 /* Swipe_AssignmentUITests */ = {
			isa = PBXFileSystemSynchronizedRootGroup;
			path = Swipe_AssignmentUITests;
			sourceTree = "<group>";
		};
/* End PBXFileSystemSynchronizedRootGroup section */

/* Begin PBXFrameworksBuildPhase section */
		074D7B962D4D27B10005CC15 /* Frameworks */ = {
			isa = PBXFrameworksBuildPhase;
			buildActionMask = 2147483647;
			files = (
			);
			runOnlyForDeploymentPostprocessing = 0;
		};
		074D7BA62D4D27B40005CC15 /* Frameworks */ = {
			isa = PBXFrameworksBuildPhase;
			buildActionMask = 2147483647;
			files = (
			);
			runOnlyForDeploymentPostprocessing = 0;
		};
		074D7BB02D4D27B40005CC15 /* Frameworks */ = {
			isa = PBXFrameworksBuildPhase;
			buildActionMask = 2147483647;
			files = (
			);
			runOnlyForDeploymentPostprocessing = 0;
		};
/* End PBXFrameworksBuildPhase section */

/* Begin PBXGroup section */
		074D7B902D4D27B10005CC15 = {
			isa = PBXGroup;
			children = (
				074D7B9B2D4D27B10005CC15 /* Swipe_Assignment */,
				074D7BAC2D4D27B40005CC15 /* Swipe_AssignmentTests */,
				074D7BB62D4D27B40005CC15 /* Swipe_AssignmentUITests */,
				074D7B9A2D4D27B10005CC15 /* Products */,
			);
			sourceTree = "<group>";
		};
		074D7B9A2D4D27B10005CC15 /* Products */ = {
			isa = PBXGroup;
			children = (
				074D7B992D4D27B10005CC15 /* Swipe_Assignment.app */,
				074D7BA92D4D27B40005CC15 /* Swipe_AssignmentTests.xctest */,
				074D7BB32D4D27B40005CC15 /* Swipe_AssignmentUITests.xctest */,
			);
			name = Products;
			sourceTree = "<group>";
		};
/* End PBXGroup section */

/* Begin PBXNativeTarget section */
		074D7B982D4D27B10005CC15 /* Swipe_Assignment */ = {
			isa = PBXNativeTarget;
			buildConfigurationList = 074D7BBD2D4D27B40005CC15 /* Build configuration list for PBXNativeTarget "Swipe_Assignment" */;
			buildPhases = (
				074D7B952D4D27B10005CC15 /* Sources */,
				074D7B962D4D27B10005CC15 /* Frameworks */,
				074D7B972D4D27B10005CC15 /* Resources */,
			);
			buildRules = (
			);
			dependencies = (
			);
			fileSystemSynchronizedGroups = (
				074D7B9B2D4D27B10005CC15 /* Swipe_Assignment */,
			);
			name = Swipe_Assignment;
			packageProductDependencies = (
			);
			productName = Swipe_Assignment;
			productReference = 074D7B992D4D27B10005CC15 /* Swipe_Assignment.app */;
			productType = "com.apple.product-type.application";
		};
		074D7BA82D4D27B40005CC15 /* Swipe_AssignmentTests */ = {
			isa = PBXNativeTarget;
			buildConfigurationList = 074D7BC02D4D27B40005CC15 /* Build configuration list for PBXNativeTarget "Swipe_AssignmentTests" */;
			buildPhases = (
				074D7BA52D4D27B40005CC15 /* Sources */,
				074D7BA62D4D27B40005CC15 /* Frameworks */,
				074D7BA72D4D27B40005CC15 /* Resources */,
			);
			buildRules = (
			);
			dependencies = (
				074D7BAB2D4D27B40005CC15 /* PBXTargetDependency */,
			);
			fileSystemSynchronizedGroups = (
				074D7BAC2D4D27B40005CC15 /* Swipe_AssignmentTests */,
			);
			name = Swipe_AssignmentTests;
			packageProductDependencies = (
			);
			productName = Swipe_AssignmentTests;
			productReference = 074D7BA92D4D27B40005CC15 /* Swipe_AssignmentTests.xctest */;
			productType = "com.apple.product-type.bundle.unit-test";
		};
		074D7BB22D4D27B40005CC15 /* Swipe_AssignmentUITests */ = {
			isa = PBXNativeTarget;
			buildConfigurationList = 074D7BC32D4D27B40005CC15 /* Build configuration list for PBXNativeTarget "Swipe_AssignmentUITests" */;
			buildPhases = (
				074D7BAF2D4D27B40005CC15 /* Sources */,
				074D7BB02D4D27B40005CC15 /* Frameworks */,
				074D7BB12D4D27B40005CC15 /* Resources */,
			);
			buildRules = (
			);
			dependencies = (
				074D7BB52D4D27B40005CC15 /* PBXTargetDependency */,
			);
			fileSystemSynchronizedGroups = (
				074D7BB62D4D27B40005CC15 /* Swipe_AssignmentUITests */,
			);
			name = Swipe_AssignmentUITests;
			packageProductDependencies = (
			);
			productName = Swipe_AssignmentUITests;
			productReference = 074D7BB32D4D27B40005CC15 /* Swipe_AssignmentUITests.xctest */;
			productType = "com.apple.product-type.bundle.ui-testing";
		};
/* End PBXNativeTarget section */

/* Begin PBXProject section */
		074D7B912D4D27B10005CC15 /* Project object */ = {
			isa = PBXProject;
			attributes = {
				BuildIndependentTargetsInParallel = 1;
				LastSwiftUpdateCheck = 1620;
				LastUpgradeCheck = 1620;
				TargetAttributes = {
					074D7B982D4D27B10005CC15 = {
						CreatedOnToolsVersion = 16.2;
					};
					074D7BA82D4D27B40005CC15 = {
						CreatedOnToolsVersion = 16.2;
						TestTargetID = 074D7B982D4D27B10005CC15;
					};
					074D7BB22D4D27B40005CC15 = {
						CreatedOnToolsVersion = 16.2;
						TestTargetID = 074D7B982D4D27B10005CC15;
					};
				};
			};
			buildConfigurationList = 074D7B942D4D27B10005CC15 /* Build configuration list for PBXProject "Swipe_Assignment" */;
			developmentRegion = en;
			hasScannedForEncodings = 0;
			knownRegions = (
				en,
				Base,
			);
			mainGroup = 074D7B902D4D27B10005CC15;
			minimizedProjectReferenceProxies = 1;
			preferredProjectObjectVersion = 77;
			productRefGroup = 074D7B9A2D4D27B10005CC15 /* Products */;
			projectDirPath = "";
			projectRoot = "";
			targets = (
				074D7B982D4D27B10005CC15 /* Swipe_Assignment */,
				074D7BA82D4D27B40005CC15 /* Swipe_AssignmentTests */,
				074D7BB22D4D27B40005CC15 /* Swipe_AssignmentUITests */,
			);
		};
/* End PBXProject section */

/* Begin PBXResourcesBuildPhase section */
		074D7B972D4D27B10005CC15 /* Resources */ = {
			isa = PBXResourcesBuildPhase;
			buildActionMask = 2147483647;
			files = (
			);
			runOnlyForDeploymentPostprocessing = 0;
		};
		074D7BA72D4D27B40005CC15 /* Resources */ = {
			isa = PBXResourcesBuildPhase;
			buildActionMask = 2147483647;
			files = (
			);
			runOnlyForDeploymentPostprocessing = 0;
		};
		074D7BB12D4D27B40005CC15 /* Resources */ = {
			isa = PBXResourcesBuildPhase;
			buildActionMask = 2147483647;
			files = (
			);
			runOnlyForDeploymentPostprocessing = 0;
		};
/* End PBXResourcesBuildPhase section */

/* Begin PBXSourcesBuildPhase section */
		074D7B952D4D27B10005CC15 /* Sources */ = {
			isa = PBXSourcesBuildPhase;
			buildActionMask = 2147483647;
			files = (
			);
			runOnlyForDeploymentPostprocessing = 0;
		};
		074D7BA52D4D27B40005CC15 /* Sources */ = {
			isa = PBXSourcesBuildPhase;
			buildActionMask = 2147483647;
			files = (
			);
			runOnlyForDeploymentPostprocessing = 0;
		};
		074D7BAF2D4D27B40005CC15 /* Sources */ = {
			isa = PBXSourcesBuildPhase;
			buildActionMask = 2147483647;
			files = (
			);
			runOnlyForDeploymentPostprocessing = 0;
		};
/* End PBXSourcesBuildPhase section */

/* Begin PBXTargetDependency section */
		074D7BAB2D4D27B40005CC15 /* PBXTargetDependency */ = {
			isa = PBXTargetDependency;
			target = 074D7B982D4D27B10005CC15 /* Swipe_Assignment */;
			targetProxy = 074D7BAA2D4D27B40005CC15 /* PBXContainerItemProxy */;
		};
		074D7BB52D4D27B40005CC15 /* PBXTargetDependency */ = {
			isa = PBXTargetDependency;
			target = 074D7B982D4D27B10005CC15 /* Swipe_Assignment */;
			targetProxy = 074D7BB42D4D27B40005CC15 /* PBXContainerItemProxy */;
		};
/* End PBXTargetDependency section */

/* Begin XCBuildConfiguration section */
		074D7BBB2D4D27B40005CC15 /* Debug */ = {
			isa = XCBuildConfiguration;
			buildSettings = {
				ALWAYS_SEARCH_USER_PATHS = NO;
				ASSETCATALOG_COMPILER_GENERATE_SWIFT_ASSET_SYMBOL_EXTENSIONS = YES;
				CLANG_ANALYZER_NONNULL = YES;
				CLANG_ANALYZER_NUMBER_OBJECT_CONVERSION = YES_AGGRESSIVE;
				CLANG_CXX_LANGUAGE_STANDARD = "gnu++20";
				CLANG_ENABLE_MODULES = YES;
				CLANG_ENABLE_OBJC_ARC = YES;
				CLANG_ENABLE_OBJC_WEAK = YES;
				CLANG_WARN_BLOCK_CAPTURE_AUTORELEASING = YES;
				CLANG_WARN_BOOL_CONVERSION = YES;
				CLANG_WARN_COMMA = YES;
				CLANG_WARN_CONSTANT_CONVERSION = YES;
				CLANG_WARN_DEPRECATED_OBJC_IMPLEMENTATIONS = YES;
				CLANG_WARN_DIRECT_OBJC_ISA_USAGE = YES_ERROR;
				CLANG_WARN_DOCUMENTATION_COMMENTS = YES;
				CLANG_WARN_EMPTY_BODY = YES;
				CLANG_WARN_ENUM_CONVERSION = YES;
				CLANG_WARN_INFINITE_RECURSION = YES;
				CLANG_WARN_INT_CONVERSION = YES;
				CLANG_WARN_NON_LITERAL_NULL_CONVERSION = YES;
				CLANG_WARN_OBJC_IMPLICIT_RETAIN_SELF = YES;
				CLANG_WARN_OBJC_LITERAL_CONVERSION = YES;
				CLANG_WARN_OBJC_ROOT_CLASS = YES_ERROR;
				CLANG_WARN_QUOTED_INCLUDE_IN_FRAMEWORK_HEADER = YES;
				CLANG_WARN_RANGE_LOOP_ANALYSIS = YES;
				CLANG_WARN_STRICT_PROTOTYPES = YES;
				CLANG_WARN_SUSPICIOUS_MOVE = YES;
				CLANG_WARN_UNGUARDED_AVAILABILITY = YES_AGGRESSIVE;
				CLANG_WARN_UNREACHABLE_CODE = YES;
				CLANG_WARN__DUPLICATE_METHOD_MATCH = YES;
				COPY_PHASE_STRIP = NO;
				DEBUG_INFORMATION_FORMAT = dwarf;
				ENABLE_STRICT_OBJC_MSGSEND = YES;
				ENABLE_TESTABILITY = YES;
				ENABLE_USER_SCRIPT_SANDBOXING = YES;
				GCC_C_LANGUAGE_STANDARD = gnu17;
				GCC_DYNAMIC_NO_PIC = NO;
				GCC_NO_COMMON_BLOCKS = YES;
				GCC_OPTIMIZATION_LEVEL = 0;
				GCC_PREPROCESSOR_DEFINITIONS = (
					"DEBUG=1",
					"$(inherited)",
				);
				GCC_WARN_64_TO_32_BIT_CONVERSION = YES;
				GCC_WARN_ABOUT_RETURN_TYPE = YES_ERROR;
				GCC_WARN_UNDECLARED_SELECTOR = YES;
				GCC_WARN_UNINITIALIZED_AUTOS = YES_AGGRESSIVE;
				GCC_WARN_UNUSED_FUNCTION = YES;
				GCC_WARN_UNUSED_VARIABLE = YES;
				IPHONEOS_DEPLOYMENT_TARGET = 18.2;
				LOCALIZATION_PREFERS_STRING_CATALOGS = YES;
				MTL_ENABLE_DEBUG_INFO = INCLUDE_SOURCE;
				MTL_FAST_MATH = YES;
				ONLY_ACTIVE_ARCH = YES;
				SDKROOT = iphoneos;
				SWIFT_ACTIVE_COMPILATION_CONDITIONS = "DEBUG $(inherited)";
				SWIFT_OPTIMIZATION_LEVEL = "-Onone";
			};
			name = Debug;
		};
		074D7BBC2D4D27B40005CC15 /* Release */ = {
			isa = XCBuildConfiguration;
			buildSettings = {
				ALWAYS_SEARCH_USER_PATHS = NO;
				ASSETCATALOG_COMPILER_GENERATE_SWIFT_ASSET_SYMBOL_EXTENSIONS = YES;
				CLANG_ANALYZER_NONNULL = YES;
				CLANG_ANALYZER_NUMBER_OBJECT_CONVERSION = YES_AGGRESSIVE;
				CLANG_CXX_LANGUAGE_STANDARD = "gnu++20";
				CLANG_ENABLE_MODULES = YES;
				CLANG_ENABLE_OBJC_ARC = YES;
				CLANG_ENABLE_OBJC_WEAK = YES;
				CLANG_WARN_BLOCK_CAPTURE_AUTORELEASING = YES;
				CLANG_WARN_BOOL_CONVERSION = YES;
				CLANG_WARN_COMMA = YES;
				CLANG_WARN_CONSTANT_CONVERSION = YES;
				CLANG_WARN_DEPRECATED_OBJC_IMPLEMENTATIONS = YES;
				CLANG_WARN_DIRECT_OBJC_ISA_USAGE = YES_ERROR;
				CLANG_WARN_DOCUMENTATION_COMMENTS = YES;
				CLANG_WARN_EMPTY_BODY = YES;
				CLANG_WARN_ENUM_CONVERSION = YES;
				CLANG_WARN_INFINITE_RECURSION = YES;
				CLANG_WARN_INT_CONVERSION = YES;
				CLANG_WARN_NON_LITERAL_NULL_CONVERSION = YES;
				CLANG_WARN_OBJC_IMPLICIT_RETAIN_SELF = YES;
				CLANG_WARN_OBJC_LITERAL_CONVERSION = YES;
				CLANG_WARN_OBJC_ROOT_CLASS = YES_ERROR;
				CLANG_WARN_QUOTED_INCLUDE_IN_FRAMEWORK_HEADER = YES;
				CLANG_WARN_RANGE_LOOP_ANALYSIS = YES;
				CLANG_WARN_STRICT_PROTOTYPES = YES;
				CLANG_WARN_SUSPICIOUS_MOVE = YES;
				CLANG_WARN_UNGUARDED_AVAILABILITY = YES_AGGRESSIVE;
				CLANG_WARN_UNREACHABLE_CODE = YES;
				CLANG_WARN__DUPLICATE_METHOD_MATCH = YES;
				COPY_PHASE_STRIP = NO;
				DEBUG_INFORMATION_FORMAT = "dwarf-with-dsym";
				ENABLE_NS_ASSERTIONS = NO;
				ENABLE_STRICT_OBJC_MSGSEND = YES;
				ENABLE_USER_SCRIPT_SANDBOXING = YES;
				GCC_C_LANGUAGE_STANDARD = gnu17;
				GCC_NO_COMMON_BLOCKS = YES;
				GCC_WARN_64_TO_32_BIT_CONVERSION = YES;
				GCC_WARN_ABOUT_RETURN_TYPE = YES_ERROR;
				GCC_WARN_UNDECLARED_SELECTOR = YES;
				GCC_WARN_UNINITIALIZED_AUTOS = YES_AGGRESSIVE;
				GCC_WARN_UNUSED_FUNCTION = YES;
				GCC_WARN_UNUSED_VARIABLE = YES;
				IPHONEOS_DEPLOYMENT_TARGET = 18.2;
				LOCALIZATION_PREFERS_STRING_CATALOGS = YES;
				MTL_ENABLE_DEBUG_INFO = NO;
				MTL_FAST_MATH = YES;
				SDKROOT = iphoneos;
				SWIFT_COMPILATION_MODE = wholemodule;
				VALIDATE_PRODUCT = YES;
			};
			name = Release;
		};
		074D7BBE2D4D27B40005CC15 /* Debug */ = {
			isa = XCBuildConfiguration;
			buildSettings = {
				ASSETCATALOG_COMPILER_APPICON_NAME = AppIcon;
				ASSETCATALOG_COMPILER_GLOBAL_ACCENT_COLOR_NAME = AccentColor;
				CODE_SIGN_STYLE = Automatic;
				CURRENT_PROJECT_VERSION = 1;
				DEVELOPMENT_ASSET_PATHS = "\"Swipe_Assignment/Preview Content\"";
				ENABLE_PREVIEWS = YES;
				GENERATE_INFOPLIST_FILE = YES;
				INFOPLIST_KEY_UIApplicationSceneManifest_Generation = YES;
				INFOPLIST_KEY_UIApplicationSupportsIndirectInputEvents = YES;
				INFOPLIST_KEY_UILaunchScreen_Generation = YES;
				INFOPLIST_KEY_UISupportedInterfaceOrientations_iPad = "UIInterfaceOrientationPortrait UIInterfaceOrientationPortraitUpsideDown UIInterfaceOrientationLandscapeLeft UIInterfaceOrientationLandscapeRight";
				INFOPLIST_KEY_UISupportedInterfaceOrientations_iPhone = "UIInterfaceOrientationPortrait UIInterfaceOrientationLandscapeLeft UIInterfaceOrientationLandscapeRight";
				LD_RUNPATH_SEARCH_PATHS = (
					"$(inherited)",
					"@executable_path/Frameworks",
				);
				MARKETING_VERSION = 1.0;
				PRODUCT_BUNDLE_IDENTIFIER = "prince.Swipe-Assignment";
				PRODUCT_NAME = "$(TARGET_NAME)";
				SWIFT_EMIT_LOC_STRINGS = YES;
				SWIFT_VERSION = 5.0;
				TARGETED_DEVICE_FAMILY = "1,2";
			};
			name = Debug;
		};
		074D7BBF2D4D27B40005CC15 /* Release */ = {
			isa = XCBuildConfiguration;
			buildSettings = {
				ASSETCATALOG_COMPILER_APPICON_NAME = AppIcon;
				ASSETCATALOG_COMPILER_GLOBAL_ACCENT_COLOR_NAME = AccentColor;
				CODE_SIGN_STYLE = Automatic;
				CURRENT_PROJECT_VERSION = 1;
				DEVELOPMENT_ASSET_PATHS = "\"Swipe_Assignment/Preview Content\"";
				ENABLE_PREVIEWS = YES;
				GENERATE_INFOPLIST_FILE = YES;
				INFOPLIST_KEY_UIApplicationSceneManifest_Generation = YES;
				INFOPLIST_KEY_UIApplicationSupportsIndirectInputEvents = YES;
				INFOPLIST_KEY_UILaunchScreen_Generation = YES;
				INFOPLIST_KEY_UISupportedInterfaceOrientations_iPad = "UIInterfaceOrientationPortrait UIInterfaceOrientationPortraitUpsideDown UIInterfaceOrientationLandscapeLeft UIInterfaceOrientationLandscapeRight";
				INFOPLIST_KEY_UISupportedInterfaceOrientations_iPhone = "UIInterfaceOrientationPortrait UIInterfaceOrientationLandscapeLeft UIInterfaceOrientationLandscapeRight";
				LD_RUNPATH_SEARCH_PATHS = (
					"$(inherited)",
					"@executable_path/Frameworks",
				);
				MARKETING_VERSION = 1.0;
				PRODUCT_BUNDLE_IDENTIFIER = "prince.Swipe-Assignment";
				PRODUCT_NAME = "$(TARGET_NAME)";
				SWIFT_EMIT_LOC_STRINGS = YES;
				SWIFT_VERSION = 5.0;
				TARGETED_DEVICE_FAMILY = "1,2";
			};
			name = Release;
		};
		074D7BC12D4D27B40005CC15 /* Debug */ = {
			isa = XCBuildConfiguration;
			buildSettings = {
				BUNDLE_LOADER = "$(TEST_HOST)";
				CODE_SIGN_STYLE = Automatic;
				CURRENT_PROJECT_VERSION = 1;
				GENERATE_INFOPLIST_FILE = YES;
				IPHONEOS_DEPLOYMENT_TARGET = 18.2;
				MARKETING_VERSION = 1.0;
				PRODUCT_BUNDLE_IDENTIFIER = "prince.Swipe-AssignmentTests";
				PRODUCT_NAME = "$(TARGET_NAME)";
				SWIFT_EMIT_LOC_STRINGS = NO;
				SWIFT_VERSION = 5.0;
				TARGETED_DEVICE_FAMILY = "1,2";
				TEST_HOST = "$(BUILT_PRODUCTS_DIR)/Swipe_Assignment.app/$(BUNDLE_EXECUTABLE_FOLDER_PATH)/Swipe_Assignment";
			};
			name = Debug;
		};
		074D7BC22D4D27B40005CC15 /* Release */ = {
			isa = XCBuildConfiguration;
			buildSettings = {
				BUNDLE_LOADER = "$(TEST_HOST)";
				CODE_SIGN_STYLE = Automatic;
				CURRENT_PROJECT_VERSION = 1;
				GENERATE_INFOPLIST_FILE = YES;
				IPHONEOS_DEPLOYMENT_TARGET = 18.2;
				MARKETING_VERSION = 1.0;
				PRODUCT_BUNDLE_IDENTIFIER = "prince.Swipe-AssignmentTests";
				PRODUCT_NAME = "$(TARGET_NAME)";
				SWIFT_EMIT_LOC_STRINGS = NO;
				SWIFT_VERSION = 5.0;
				TARGETED_DEVICE_FAMILY = "1,2";
				TEST_HOST = "$(BUILT_PRODUCTS_DIR)/Swipe_Assignment.app/$(BUNDLE_EXECUTABLE_FOLDER_PATH)/Swipe_Assignment";
			};
			name = Release;
		};
		074D7BC42D4D27B40005CC15 /* Debug */ = {
			isa = XCBuildConfiguration;
			buildSettings = {
				CODE_SIGN_STYLE = Automatic;
				CURRENT_PROJECT_VERSION = 1;
				GENERATE_INFOPLIST_FILE = YES;
				MARKETING_VERSION = 1.0;
				PRODUCT_BUNDLE_IDENTIFIER = "prince.Swipe-AssignmentUITests";
				PRODUCT_NAME = "$(TARGET_NAME)";
				SWIFT_EMIT_LOC_STRINGS = NO;
				SWIFT_VERSION = 5.0;
				TARGETED_DEVICE_FAMILY = "1,2";
				TEST_TARGET_NAME = Swipe_Assignment;
			};
			name = Debug;
		};
		074D7BC52D4D27B40005CC15 /* Release */ = {
			isa = XCBuildConfiguration;
			buildSettings = {
				CODE_SIGN_STYLE = Automatic;
				CURRENT_PROJECT_VERSION = 1;
				GENERATE_INFOPLIST_FILE = YES;
				MARKETING_VERSION = 1.0;
				PRODUCT_BUNDLE_IDENTIFIER = "prince.Swipe-AssignmentUITests";
				PRODUCT_NAME = "$(TARGET_NAME)";
				SWIFT_EMIT_LOC_STRINGS = NO;
				SWIFT_VERSION = 5.0;
				TARGETED_DEVICE_FAMILY = "1,2";
				TEST_TARGET_NAME = Swipe_Assignment;
			};
			name = Release;
		};
/* End XCBuildConfiguration section */

/* Begin XCConfigurationList section */
		074D7B942D4D27B10005CC15 /* Build configuration list for PBXProject "Swipe_Assignment" */ = {
			isa = XCConfigurationList;
			buildConfigurations = (
				074D7BBB2D4D27B40005CC15 /* Debug */,
				074D7BBC2D4D27B40005CC15 /* Release */,
			);
			defaultConfigurationIsVisible = 0;
			defaultConfigurationName = Release;
		};
		074D7BBD2D4D27B40005CC15 /* Build configuration list for PBXNativeTarget "Swipe_Assignment" */ = {
			isa = XCConfigurationList;
			buildConfigurations = (
				074D7BBE2D4D27B40005CC15 /* Debug */,
				074D7BBF2D4D27B40005CC15 /* Release */,
			);
			defaultConfigurationIsVisible = 0;
			defaultConfigurationName = Release;
		};
		074D7BC02D4D27B40005CC15 /* Build configuration list for PBXNativeTarget "Swipe_AssignmentTests" */ = {
			isa = XCConfigurationList;
			buildConfigurations = (
				074D7BC12D4D27B40005CC15 /* Debug */,
				074D7BC22D4D27B40005CC15 /* Release */,
			);
			defaultConfigurationIsVisible = 0;
			defaultConfigurationName = Release;
		};
		074D7BC32D4D27B40005CC15 /* Build configuration list for PBXNativeTarget "Swipe_AssignmentUITests" */ = {
			isa = XCConfigurationList;
			buildConfigurations = (
				074D7BC42D4D27B40005CC15 /* Debug */,
				074D7BC52D4D27B40005CC15 /* Release */,
			);
			defaultConfigurationIsVisible = 0;
			defaultConfigurationName = Release;
		};
/* End XCConfigurationList section */
	};
	rootObject = 074D7B912D4D27B10005CC15 /* Project object */;
}
